<Solution>
  <Project Path="SourceSharp.MapFormats/SourceSharp.MapFormats.csproj" />
  <Project Path="SourceSharp.MapTools/SourceSharp.MapTools.csproj" />
  <Project Path="SourceSharp.MapCompile/SourceSharp.MapCompile.csproj" />
  <Project Path="SourceSharp.MapTools.Cache.Sqlite/SourceSharp.MapTools.Cache.Sqlite.csproj" />
  <Project Path="SourceSharp.MapTools.Gpu/SourceSharp.MapTools.Gpu.csproj" />
  <Project Path="SourceSharp.MapGen/SourceSharp.MapGen.csproj" />
  <Project Path="SourceSharp.Tests/SourceSharp.Tests.csproj" />
</Solution>
